
Microsoft Visual Studio Solution File, Format Version 12.00
# Visual Studio Version 16
VisualStudioVersion = 16.0.31005.135
MinimumVisualStudioVersion = 10.0.40219.1
Project("{FAE04EC0-301F-11D3-BF4B-00C04F79EFBC}") = "I7S4ED_nyolcadik", "I7S4ED_nyolcadik\I7S4ED_nyolcadik.csproj", "{7A788CEB-1D5B-4383-8D65-1673BEAAC33A}"
EndProject
Global
	GlobalSection(SolutionConfigurationPlatforms) = preSolution
		Debug|Any CPU = Debug|Any CPU
		Release|Any CPU = Release|Any CPU
	EndGlobalSection
	GlobalSection(ProjectConfigurationPlatforms) = postSolution
		{7A788CEB-1D5B-4383-8D65-1673BEAAC33A}.Debug|Any CPU.ActiveCfg = Debug|Any CPU
		{7A788CEB-1D5B-4383-8D65-1673BEAAC33A}.Debug|Any CPU.Build.0 = Debug|Any CPU
		{7A788CEB-1D5B-4383-8D65-1673BEAAC33A}.Release|Any CPU.ActiveCfg = Release|Any CPU
		{7A788CEB-1D5B-4383-8D65-1673BEAAC33A}.Release|Any CPU.Build.0 = Release|Any CPU
	EndGlobalSection
	GlobalSection(SolutionProperties) = preSolution
		HideSolutionNode = FALSE
	EndGlobalSection
	GlobalSection(ExtensibilityGlobals) = postSolution
		SolutionGuid = {67E1FA31-4137-4A33-8068-C93A6C8AE01E}
	EndGlobalSection
EndGlobal
